
Microsoft Visual Studio Solution File, Format Version 12.00
# Visual Studio Version 16
VisualStudioVersion = 16.0.31624.102
MinimumVisualStudioVersion = 10.0.40219.1
Project("{FAE04EC0-301F-11D3-BF4B-00C04F79EFBC}") = "IndianStateCensusAnalyser", "IndianStateCensusAnalyser\IndianStateCensusAnalyser.csproj", "{19E8892F-7077-4547-A47A-FE9DAF5723C3}"
EndProject
Global
	GlobalSection(SolutionConfigurationPlatforms) = preSolution
		Debug|Any CPU = Debug|Any CPU
		Release|Any CPU = Release|Any CPU
	EndGlobalSection
	GlobalSection(ProjectConfigurationPlatforms) = postSolution
		{19E8892F-7077-4547-A47A-FE9DAF5723C3}.Debug|Any CPU.ActiveCfg = Debug|Any CPU
		{19E8892F-7077-4547-A47A-FE9DAF5723C3}.Debug|Any CPU.Build.0 = Debug|Any CPU
		{19E8892F-7077-4547-A47A-FE9DAF5723C3}.Release|Any CPU.ActiveCfg = Release|Any CPU
		{19E8892F-7077-4547-A47A-FE9DAF5723C3}.Release|Any CPU.Build.0 = Release|Any CPU
	EndGlobalSection
	GlobalSection(SolutionProperties) = preSolution
		HideSolutionNode = FALSE
	EndGlobalSection
	GlobalSection(ExtensibilityGlobals) = postSolution
		SolutionGuid = {41173D9E-4477-4AF8-BBEE-BF06FA810E35}
	EndGlobalSection
EndGlobal
